
Microsoft Visual Studio Solution File, Format Version 12.00
Project("{FAE04EC0-301F-11D3-BF4B-00C04F79EFBC}") = "HW", "HW\HW.csproj", "{94A8D0F9-B780-40AE-8469-B4EFEA89E65D}"
EndProject
Project("{FAE04EC0-301F-11D3-BF4B-00C04F79EFBC}") = "TestHW", "TestHW\TestHW.csproj", "{1A9102F7-47F0-431D-A70D-DF17FB7ACDB4}"
EndProject
Global
	GlobalSection(SolutionConfigurationPlatforms) = preSolution
		Debug|Any CPU = Debug|Any CPU
		Release|Any CPU = Release|Any CPU
	EndGlobalSection
	GlobalSection(ProjectConfigurationPlatforms) = postSolution
		{94A8D0F9-B780-40AE-8469-B4EFEA89E65D}.Debug|Any CPU.ActiveCfg = Debug|Any CPU
		{94A8D0F9-B780-40AE-8469-B4EFEA89E65D}.Debug|Any CPU.Build.0 = Debug|Any CPU
		{94A8D0F9-B780-40AE-8469-B4EFEA89E65D}.Release|Any CPU.ActiveCfg = Release|Any CPU
		{94A8D0F9-B780-40AE-8469-B4EFEA89E65D}.Release|Any CPU.Build.0 = Release|Any CPU
		{1A9102F7-47F0-431D-A70D-DF17FB7ACDB4}.Debug|Any CPU.ActiveCfg = Debug|Any CPU
		{1A9102F7-47F0-431D-A70D-DF17FB7ACDB4}.Debug|Any CPU.Build.0 = Debug|Any CPU
		{1A9102F7-47F0-431D-A70D-DF17FB7ACDB4}.Release|Any CPU.ActiveCfg = Release|Any CPU
		{1A9102F7-47F0-431D-A70D-DF17FB7ACDB4}.Release|Any CPU.Build.0 = Release|Any CPU
	EndGlobalSection
EndGlobal
